// !$*UTF8*$!
{
	archiveVersion = 1;
	classes = {
	};
	objectVersion = 60;
	objects = {

/* Begin PBXContainerItemProxy section */
		02950D222CB5A22F009E0F9F /* PBXContainerItemProxy */ = {
			isa = PBXContainerItemProxy;
			containerPortal = 02950D092CB5A22D009E0F9F /* Project object */;
			proxyType = 1;
			remoteGlobalIDString = 02950D102CB5A22D009E0F9F;
			remoteInfo = FitbitSync;
		};
		02950D2C2CB5A22F009E0F9F /* PBXContainerItemProxy */ = {
			isa = PBXContainerItemProxy;
			containerPortal = 02950D092CB5A22D009E0F9F /* Project object */;
			proxyType = 1;
			remoteGlobalIDString = 02950D102CB5A22D009E0F9F;
			remoteInfo = FitbitSync;
		};
/* End PBXContainerItemProxy section */

/* Begin PBXFileReference section */
		02950D112CB5A22D009E0F9F /* FitbitSync.app */ = {isa = PBXFileReference; explicitFileType = wrapper.application; includeInIndex = 0; path = FitbitSync.app; sourceTree = BUILT_PRODUCTS_DIR; };
		02950D212CB5A22F009E0F9F /* FitbitSyncTests.xctest */ = {isa = PBXFileReference; explicitFileType = wrapper.cfbundle; includeInIndex = 0; path = FitbitSyncTests.xctest; sourceTree = BUILT_PRODUCTS_DIR; };
		02950D2B2CB5A22F009E0F9F /* FitbitSyncUITests.xctest */ = {isa = PBXFileReference; explicitFileType = wrapper.cfbundle; includeInIndex = 0; path = FitbitSyncUITests.xctest; sourceTree = BUILT_PRODUCTS_DIR; };
/* End PBXFileReference section */

/* Begin PBXFileSystemSynchronizedRootGroup section */
		02950D132CB5A22D009E0F9F /* FitbitSync */ = {isa = PBXFileSystemSynchronizedRootGroup; explicitFileTypes = {}; explicitFolders = (); path = FitbitSync; sourceTree = "<group>"; };
		02950D242CB5A22F009E0F9F /* FitbitSyncTests */ = {isa = PBXFileSystemSynchronizedRootGroup; explicitFileTypes = {}; explicitFolders = (); path = FitbitSyncTests; sourceTree = "<group>"; };
		02950D2E2CB5A22F009E0F9F /* FitbitSyncUITests */ = {isa = PBXFileSystemSynchronizedRootGroup; explicitFileTypes = {}; explicitFolders = (); path = FitbitSyncUITests; sourceTree = "<group>"; };
/* End PBXFileSystemSynchronizedRootGroup section */

/* Begin PBXFrameworksBuildPhase section */
		02950D0E2CB5A22D009E0F9F /* Frameworks */ = {
			isa = PBXFrameworksBuildPhase;
			buildActionMask = 2147483647;
			files = (
			);
			runOnlyForDeploymentPostprocessing = 0;
		};
		02950D1E2CB5A22F009E0F9F /* Frameworks */ = {
			isa = PBXFrameworksBuildPhase;
			buildActionMask = 2147483647;
			files = (
			);
			runOnlyForDeploymentPostprocessing = 0;
		};
		02950D282CB5A22F009E0F9F /* Frameworks */ = {
			isa = PBXFrameworksBuildPhase;
			buildActionMask = 2147483647;
			files = (
			);
			runOnlyForDeploymentPostprocessing = 0;
		};
/* End PBXFrameworksBuildPhase section */

/* Begin PBXGroup section */
		02950D082CB5A22D009E0F9F = {
			isa = PBXGroup;
			children = (
				02950D132CB5A22D009E0F9F /* FitbitSync */,
				02950D242CB5A22F009E0F9F /* FitbitSyncTests */,
				02950D2E2CB5A22F009E0F9F /* FitbitSyncUITests */,
				02950D122CB5A22D009E0F9F /* Products */,
			);
			sourceTree = "<group>";
		};
		02950D122CB5A22D009E0F9F /* Products */ = {
			isa = PBXGroup;
			children = (
				02950D112CB5A22D009E0F9F /* FitbitSync.app */,
				02950D212CB5A22F009E0F9F /* FitbitSyncTests.xctest */,
				02950D2B2CB5A22F009E0F9F /* FitbitSyncUITests.xctest */,
			);
			name = Products;
			sourceTree = "<group>";
		};
/* End PBXGroup section */

/* Begin PBXNativeTarget section */
		02950D102CB5A22D009E0F9F /* FitbitSync */ = {
			isa = PBXNativeTarget;
			buildConfigurationList = 02950D352CB5A22F009E0F9F /* Build configuration list for PBXNativeTarget "FitbitSync" */;
			buildPhases = (
				02950D0D2CB5A22D009E0F9F /* Sources */,
				02950D0E2CB5A22D009E0F9F /* Frameworks */,
				02950D0F2CB5A22D009E0F9F /* Resources */,
			);
			buildRules = (
			);
			dependencies = (
			);
			fileSystemSynchronizedGroups = (
				02950D132CB5A22D009E0F9F /* FitbitSync */,
			);
			name = FitbitSync;
			packageProductDependencies = (
			);
			productName = FitbitSync;
			productReference = 02950D112CB5A22D009E0F9F /* FitbitSync.app */;
			productType = "com.apple.product-type.application";
		};
		02950D202CB5A22F009E0F9F /* FitbitSyncTests */ = {
			isa = PBXNativeTarget;
			buildConfigurationList = 02950D382CB5A22F009E0F9F /* Build configuration list for PBXNativeTarget "FitbitSyncTests" */;
			buildPhases = (
				02950D1D2CB5A22F009E0F9F /* Sources */,
				02950D1E2CB5A22F009E0F9F /* Frameworks */,
				02950D1F2CB5A22F009E0F9F /* Resources */,
			);
			buildRules = (
			);
			dependencies = (
				02950D232CB5A22F009E0F9F /* PBXTargetDependency */,
			);
			fileSystemSynchronizedGroups = (
				02950D242CB5A22F009E0F9F /* FitbitSyncTests */,
			);
			name = FitbitSyncTests;
			packageProductDependencies = (
			);
			productName = FitbitSyncTests;
			productReference = 02950D212CB5A22F009E0F9F /* FitbitSyncTests.xctest */;
			productType = "com.apple.product-type.bundle.unit-test";
		};
		02950D2A2CB5A22F009E0F9F /* FitbitSyncUITests */ = {
			isa = PBXNativeTarget;
			buildConfigurationList = 02950D3B2CB5A22F009E0F9F /* Build configuration list for PBXNativeTarget "FitbitSyncUITests" */;
			buildPhases = (
				02950D272CB5A22F009E0F9F /* Sources */,
				02950D282CB5A22F009E0F9F /* Frameworks */,
				02950D292CB5A22F009E0F9F /* Resources */,
			);
			buildRules = (
			);
			dependencies = (
				02950D2D2CB5A22F009E0F9F /* PBXTargetDependency */,
			);
			fileSystemSynchronizedGroups = (
				02950D2E2CB5A22F009E0F9F /* FitbitSyncUITests */,
			);
			name = FitbitSyncUITests;
			packageProductDependencies = (
			);
			productName = FitbitSyncUITests;
			productReference = 02950D2B2CB5A22F009E0F9F /* FitbitSyncUITests.xctest */;
			productType = "com.apple.product-type.bundle.ui-testing";
		};
/* End PBXNativeTarget section */

/* Begin PBXProject section */
		02950D092CB5A22D009E0F9F /* Project object */ = {
			isa = PBXProject;
			attributes = {
				BuildIndependentTargetsInParallel = 1;
				LastSwiftUpdateCheck = 1600;
				LastUpgradeCheck = 1600;
				TargetAttributes = {
					02950D102CB5A22D009E0F9F = {
						CreatedOnToolsVersion = 16.0;
					};
					02950D202CB5A22F009E0F9F = {
						CreatedOnToolsVersion = 16.0;
						TestTargetID = 02950D102CB5A22D009E0F9F;
					};
					02950D2A2CB5A22F009E0F9F = {
						CreatedOnToolsVersion = 16.0;
						TestTargetID = 02950D102CB5A22D009E0F9F;
					};
				};
			};
			buildConfigurationList = 02950D0C2CB5A22D009E0F9F /* Build configuration list for PBXProject "FitbitSync" */;
			compatibilityVersion = "Xcode 15.0";
			developmentRegion = en;
			hasScannedForEncodings = 0;
			knownRegions = (
				en,
				Base,
			);
			mainGroup = 02950D082CB5A22D009E0F9F;
			productRefGroup = 02950D122CB5A22D009E0F9F /* Products */;
			projectDirPath = "";
			projectRoot = "";
			targets = (
				02950D102CB5A22D009E0F9F /* FitbitSync */,
				02950D202CB5A22F009E0F9F /* FitbitSyncTests */,
				02950D2A2CB5A22F009E0F9F /* FitbitSyncUITests */,
			);
		};
/* End PBXProject section */

/* Begin PBXResourcesBuildPhase section */
		02950D0F2CB5A22D009E0F9F /* Resources */ = {
			isa = PBXResourcesBuildPhase;
			buildActionMask = 2147483647;
			files = (
			);
			runOnlyForDeploymentPostprocessing = 0;
		};
		02950D1F2CB5A22F009E0F9F /* Resources */ = {
			isa = PBXResourcesBuildPhase;
			buildActionMask = 2147483647;
			files = (
			);
			runOnlyForDeploymentPostprocessing = 0;
		};
		02950D292CB5A22F009E0F9F /* Resources */ = {
			isa = PBXResourcesBuildPhase;
			buildActionMask = 2147483647;
			files = (
			);
			runOnlyForDeploymentPostprocessing = 0;
		};
/* End PBXResourcesBuildPhase section */

/* Begin PBXSourcesBuildPhase section */
		02950D0D2CB5A22D009E0F9F /* Sources */ = {
			isa = PBXSourcesBuildPhase;
			buildActionMask = 2147483647;
			files = (
			);
			runOnlyForDeploymentPostprocessing = 0;
		};
		02950D1D2CB5A22F009E0F9F /* Sources */ = {
			isa = PBXSourcesBuildPhase;
			buildActionMask = 2147483647;
			files = (
			);
			runOnlyForDeploymentPostprocessing = 0;
		};
		02950D272CB5A22F009E0F9F /* Sources */ = {
			isa = PBXSourcesBuildPhase;
			buildActionMask = 2147483647;
			files = (
			);
			runOnlyForDeploymentPostprocessing = 0;
		};
/* End PBXSourcesBuildPhase section */

/* Begin PBXTargetDependency section */
		02950D232CB5A22F009E0F9F /* PBXTargetDependency */ = {
			isa = PBXTargetDependency;
			target = 02950D102CB5A22D009E0F9F /* FitbitSync */;
			targetProxy = 02950D222CB5A22F009E0F9F /* PBXContainerItemProxy */;
		};
		02950D2D2CB5A22F009E0F9F /* PBXTargetDependency */ = {
			isa = PBXTargetDependency;
			target = 02950D102CB5A22D009E0F9F /* FitbitSync */;
			targetProxy = 02950D2C2CB5A22F009E0F9F /* PBXContainerItemProxy */;
		};
/* End PBXTargetDependency section */

/* Begin XCBuildConfiguration section */
		02950D332CB5A22F009E0F9F /* Debug */ = {
			isa = XCBuildConfiguration;
			buildSettings = {
				ALWAYS_SEARCH_USER_PATHS = NO;
				ASSETCATALOG_COMPILER_GENERATE_SWIFT_ASSET_SYMBOL_EXTENSIONS = YES;
				CLANG_ANALYZER_NONNULL = YES;
				CLANG_ANALYZER_NUMBER_OBJECT_CONVERSION = YES_AGGRESSIVE;
				CLANG_CXX_LANGUAGE_STANDARD = "gnu++20";
				CLANG_ENABLE_MODULES = YES;
				CLANG_ENABLE_OBJC_ARC = YES;
				CLANG_ENABLE_OBJC_WEAK = YES;
				CLANG_WARN_BLOCK_CAPTURE_AUTORELEASING = YES;
				CLANG_WARN_BOOL_CONVERSION = YES;
				CLANG_WARN_COMMA = YES;
				CLANG_WARN_CONSTANT_CONVERSION = YES;
				CLANG_WARN_DEPRECATED_OBJC_IMPLEMENTATIONS = YES;
				CLANG_WARN_DIRECT_OBJC_ISA_USAGE = YES_ERROR;
				CLANG_WARN_DOCUMENTATION_COMMENTS = YES;
				CLANG_WARN_EMPTY_BODY = YES;
				CLANG_WARN_ENUM_CONVERSION = YES;
				CLANG_WARN_INFINITE_RECURSION = YES;
				CLANG_WARN_INT_CONVERSION = YES;
				CLANG_WARN_NON_LITERAL_NULL_CONVERSION = YES;
				CLANG_WARN_OBJC_IMPLICIT_RETAIN_SELF = YES;
				CLANG_WARN_OBJC_LITERAL_CONVERSION = YES;
				CLANG_WARN_OBJC_ROOT_CLASS = YES_ERROR;
				CLANG_WARN_QUOTED_INCLUDE_IN_FRAMEWORK_HEADER = YES;
				CLANG_WARN_RANGE_LOOP_ANALYSIS = YES;
				CLANG_WARN_STRICT_PROTOTYPES = YES;
				CLANG_WARN_SUSPICIOUS_MOVE = YES;
				CLANG_WARN_UNGUARDED_AVAILABILITY = YES_AGGRESSIVE;
				CLANG_WARN_UNREACHABLE_CODE = YES;
				CLANG_WARN__DUPLICATE_METHOD_MATCH = YES;
				COPY_PHASE_STRIP = NO;
				DEBUG_INFORMATION_FORMAT = dwarf;
				ENABLE_STRICT_OBJC_MSGSEND = YES;
				ENABLE_TESTABILITY = YES;
				ENABLE_USER_SCRIPT_SANDBOXING = YES;
				GCC_C_LANGUAGE_STANDARD = gnu17;
				GCC_DYNAMIC_NO_PIC = NO;
				GCC_NO_COMMON_BLOCKS = YES;
				GCC_OPTIMIZATION_LEVEL = 0;
				GCC_PREPROCESSOR_DEFINITIONS = (
					"DEBUG=1",
					"$(inherited)",
				);
				GCC_WARN_64_TO_32_BIT_CONVERSION = YES;
				GCC_WARN_ABOUT_RETURN_TYPE = YES_ERROR;
				GCC_WARN_UNDECLARED_SELECTOR = YES;
				GCC_WARN_UNINITIALIZED_AUTOS = YES_AGGRESSIVE;
				GCC_WARN_UNUSED_FUNCTION = YES;
				GCC_WARN_UNUSED_VARIABLE = YES;
				IPHONEOS_DEPLOYMENT_TARGET = 18.0;
				LOCALIZATION_PREFERS_STRING_CATALOGS = YES;
				MTL_ENABLE_DEBUG_INFO = INCLUDE_SOURCE;
				MTL_FAST_MATH = YES;
				ONLY_ACTIVE_ARCH = YES;
				SDKROOT = iphoneos;
				SWIFT_ACTIVE_COMPILATION_CONDITIONS = "DEBUG $(inherited)";
				SWIFT_OPTIMIZATION_LEVEL = "-Onone";
			};
			name = Debug;
		};
		02950D342CB5A22F009E0F9F /* Release */ = {
			isa = XCBuildConfiguration;
			buildSettings = {
				ALWAYS_SEARCH_USER_PATHS = NO;
				ASSETCATALOG_COMPILER_GENERATE_SWIFT_ASSET_SYMBOL_EXTENSIONS = YES;
				CLANG_ANALYZER_NONNULL = YES;
				CLANG_ANALYZER_NUMBER_OBJECT_CONVERSION = YES_AGGRESSIVE;
				CLANG_CXX_LANGUAGE_STANDARD = "gnu++20";
				CLANG_ENABLE_MODULES = YES;
				CLANG_ENABLE_OBJC_ARC = YES;
				CLANG_ENABLE_OBJC_WEAK = YES;
				CLANG_WARN_BLOCK_CAPTURE_AUTORELEASING = YES;
				CLANG_WARN_BOOL_CONVERSION = YES;
				CLANG_WARN_COMMA = YES;
				CLANG_WARN_CONSTANT_CONVERSION = YES;
				CLANG_WARN_DEPRECATED_OBJC_IMPLEMENTATIONS = YES;
				CLANG_WARN_DIRECT_OBJC_ISA_USAGE = YES_ERROR;
				CLANG_WARN_DOCUMENTATION_COMMENTS = YES;
				CLANG_WARN_EMPTY_BODY = YES;
				CLANG_WARN_ENUM_CONVERSION = YES;
				CLANG_WARN_INFINITE_RECURSION = YES;
				CLANG_WARN_INT_CONVERSION = YES;
				CLANG_WARN_NON_LITERAL_NULL_CONVERSION = YES;
				CLANG_WARN_OBJC_IMPLICIT_RETAIN_SELF = YES;
				CLANG_WARN_OBJC_LITERAL_CONVERSION = YES;
				CLANG_WARN_OBJC_ROOT_CLASS = YES_ERROR;
				CLANG_WARN_QUOTED_INCLUDE_IN_FRAMEWORK_HEADER = YES;
				CLANG_WARN_RANGE_LOOP_ANALYSIS = YES;
				CLANG_WARN_STRICT_PROTOTYPES = YES;
				CLANG_WARN_SUSPICIOUS_MOVE = YES;
				CLANG_WARN_UNGUARDED_AVAILABILITY = YES_AGGRESSIVE;
				CLANG_WARN_UNREACHABLE_CODE = YES;
				CLANG_WARN__DUPLICATE_METHOD_MATCH = YES;
				COPY_PHASE_STRIP = NO;
				DEBUG_INFORMATION_FORMAT = "dwarf-with-dsym";
				ENABLE_NS_ASSERTIONS = NO;
				ENABLE_STRICT_OBJC_MSGSEND = YES;
				ENABLE_USER_SCRIPT_SANDBOXING = YES;
				GCC_C_LANGUAGE_STANDARD = gnu17;
				GCC_NO_COMMON_BLOCKS = YES;
				GCC_WARN_64_TO_32_BIT_CONVERSION = YES;
				GCC_WARN_ABOUT_RETURN_TYPE = YES_ERROR;
				GCC_WARN_UNDECLARED_SELECTOR = YES;
				GCC_WARN_UNINITIALIZED_AUTOS = YES_AGGRESSIVE;
				GCC_WARN_UNUSED_FUNCTION = YES;
				GCC_WARN_UNUSED_VARIABLE = YES;
				IPHONEOS_DEPLOYMENT_TARGET = 18.0;
				LOCALIZATION_PREFERS_STRING_CATALOGS = YES;
				MTL_ENABLE_DEBUG_INFO = NO;
				MTL_FAST_MATH = YES;
				SDKROOT = iphoneos;
				SWIFT_COMPILATION_MODE = wholemodule;
				VALIDATE_PRODUCT = YES;
			};
			name = Release;
		};
		02950D362CB5A22F009E0F9F /* Debug */ = {
			isa = XCBuildConfiguration;
			buildSettings = {
				ASSETCATALOG_COMPILER_APPICON_NAME = AppIcon;
				ASSETCATALOG_COMPILER_GLOBAL_ACCENT_COLOR_NAME = AccentColor;
				CODE_SIGN_STYLE = Automatic;
				CURRENT_PROJECT_VERSION = 1;
				DEVELOPMENT_ASSET_PATHS = "\"FitbitSync/Preview Content\"";
				DEVELOPMENT_TEAM = KSH6P6Y39N;
				ENABLE_PREVIEWS = YES;
				GENERATE_INFOPLIST_FILE = YES;
				INFOPLIST_KEY_UIApplicationSceneManifest_Generation = YES;
				INFOPLIST_KEY_UIApplicationSupportsIndirectInputEvents = YES;
				INFOPLIST_KEY_UILaunchScreen_Generation = YES;
				INFOPLIST_KEY_UISupportedInterfaceOrientations_iPad = "UIInterfaceOrientationPortrait UIInterfaceOrientationPortraitUpsideDown UIInterfaceOrientationLandscapeLeft UIInterfaceOrientationLandscapeRight";
				INFOPLIST_KEY_UISupportedInterfaceOrientations_iPhone = "UIInterfaceOrientationPortrait UIInterfaceOrientationLandscapeLeft UIInterfaceOrientationLandscapeRight";
				LD_RUNPATH_SEARCH_PATHS = (
					"$(inherited)",
					"@executable_path/Frameworks",
				);
				MARKETING_VERSION = 1.0;
				PRODUCT_BUNDLE_IDENTIFIER = com.stelath.FitbitSync;
				PRODUCT_NAME = "$(TARGET_NAME)";
				SWIFT_EMIT_LOC_STRINGS = YES;
				SWIFT_VERSION = 5.0;
				TARGETED_DEVICE_FAMILY = "1,2";
			};
			name = Debug;
		};
		02950D372CB5A22F009E0F9F /* Release */ = {
			isa = XCBuildConfiguration;
			buildSettings = {
				ASSETCATALOG_COMPILER_APPICON_NAME = AppIcon;
				ASSETCATALOG_COMPILER_GLOBAL_ACCENT_COLOR_NAME = AccentColor;
				CODE_SIGN_STYLE = Automatic;
				CURRENT_PROJECT_VERSION = 1;
				DEVELOPMENT_ASSET_PATHS = "\"FitbitSync/Preview Content\"";
				DEVELOPMENT_TEAM = KSH6P6Y39N;
				ENABLE_PREVIEWS = YES;
				GENERATE_INFOPLIST_FILE = YES;
				INFOPLIST_KEY_UIApplicationSceneManifest_Generation = YES;
				INFOPLIST_KEY_UIApplicationSupportsIndirectInputEvents = YES;
				INFOPLIST_KEY_UILaunchScreen_Generation = YES;
				INFOPLIST_KEY_UISupportedInterfaceOrientations_iPad = "UIInterfaceOrientationPortrait UIInterfaceOrientationPortraitUpsideDown UIInterfaceOrientationLandscapeLeft UIInterfaceOrientationLandscapeRight";
				INFOPLIST_KEY_UISupportedInterfaceOrientations_iPhone = "UIInterfaceOrientationPortrait UIInterfaceOrientationLandscapeLeft UIInterfaceOrientationLandscapeRight";
				LD_RUNPATH_SEARCH_PATHS = (
					"$(inherited)",
					"@executable_path/Frameworks",
				);
				MARKETING_VERSION = 1.0;
				PRODUCT_BUNDLE_IDENTIFIER = com.stelath.FitbitSync;
				PRODUCT_NAME = "$(TARGET_NAME)";
				SWIFT_EMIT_LOC_STRINGS = YES;
				SWIFT_VERSION = 5.0;
				TARGETED_DEVICE_FAMILY = "1,2";
			};
			name = Release;
		};
		02950D392CB5A22F009E0F9F /* Debug */ = {
			isa = XCBuildConfiguration;
			buildSettings = {
				BUNDLE_LOADER = "$(TEST_HOST)";
				CODE_SIGN_STYLE = Automatic;
				CURRENT_PROJECT_VERSION = 1;
				DEVELOPMENT_TEAM = KSH6P6Y39N;
				GENERATE_INFOPLIST_FILE = YES;
				IPHONEOS_DEPLOYMENT_TARGET = 18.0;
				MARKETING_VERSION = 1.0;
				PRODUCT_BUNDLE_IDENTIFIER = com.stelath.FitbitSyncTests;
				PRODUCT_NAME = "$(TARGET_NAME)";
				SWIFT_EMIT_LOC_STRINGS = NO;
				SWIFT_VERSION = 5.0;
				TARGETED_DEVICE_FAMILY = "1,2";
				TEST_HOST = "$(BUILT_PRODUCTS_DIR)/FitbitSync.app/$(BUNDLE_EXECUTABLE_FOLDER_PATH)/FitbitSync";
			};
			name = Debug;
		};
		02950D3A2CB5A22F009E0F9F /* Release */ = {
			isa = XCBuildConfiguration;
			buildSettings = {
				BUNDLE_LOADER = "$(TEST_HOST)";
				CODE_SIGN_STYLE = Automatic;
				CURRENT_PROJECT_VERSION = 1;
				DEVELOPMENT_TEAM = KSH6P6Y39N;
				GENERATE_INFOPLIST_FILE = YES;
				IPHONEOS_DEPLOYMENT_TARGET = 18.0;
				MARKETING_VERSION = 1.0;
				PRODUCT_BUNDLE_IDENTIFIER = com.stelath.FitbitSyncTests;
				PRODUCT_NAME = "$(TARGET_NAME)";
				SWIFT_EMIT_LOC_STRINGS = NO;
				SWIFT_VERSION = 5.0;
				TARGETED_DEVICE_FAMILY = "1,2";
				TEST_HOST = "$(BUILT_PRODUCTS_DIR)/FitbitSync.app/$(BUNDLE_EXECUTABLE_FOLDER_PATH)/FitbitSync";
			};
			name = Release;
		};
		02950D3C2CB5A22F009E0F9F /* Debug */ = {
			isa = XCBuildConfiguration;
			buildSettings = {
				CODE_SIGN_STYLE = Automatic;
				CURRENT_PROJECT_VERSION = 1;
				DEVELOPMENT_TEAM = KSH6P6Y39N;
				GENERATE_INFOPLIST_FILE = YES;
				MARKETING_VERSION = 1.0;
				PRODUCT_BUNDLE_IDENTIFIER = com.stelath.FitbitSyncUITests;
				PRODUCT_NAME = "$(TARGET_NAME)";
				SWIFT_EMIT_LOC_STRINGS = NO;
				SWIFT_VERSION = 5.0;
				TARGETED_DEVICE_FAMILY = "1,2";
				TEST_TARGET_NAME = FitbitSync;
			};
			name = Debug;
		};
		02950D3D2CB5A22F009E0F9F /* Release */ = {
			isa = XCBuildConfiguration;
			buildSettings = {
				CODE_SIGN_STYLE = Automatic;
				CURRENT_PROJECT_VERSION = 1;
				DEVELOPMENT_TEAM = KSH6P6Y39N;
				GENERATE_INFOPLIST_FILE = YES;
				MARKETING_VERSION = 1.0;
				PRODUCT_BUNDLE_IDENTIFIER = com.stelath.FitbitSyncUITests;
				PRODUCT_NAME = "$(TARGET_NAME)";
				SWIFT_EMIT_LOC_STRINGS = NO;
				SWIFT_VERSION = 5.0;
				TARGETED_DEVICE_FAMILY = "1,2";
				TEST_TARGET_NAME = FitbitSync;
			};
			name = Release;
		};
/* End XCBuildConfiguration section */

/* Begin XCConfigurationList section */
		02950D0C2CB5A22D009E0F9F /* Build configuration list for PBXProject "FitbitSync" */ = {
			isa = XCConfigurationList;
			buildConfigurations = (
				02950D332CB5A22F009E0F9F /* Debug */,
				02950D342CB5A22F009E0F9F /* Release */,
			);
			defaultConfigurationIsVisible = 0;
			defaultConfigurationName = Release;
		};
		02950D352CB5A22F009E0F9F /* Build configuration list for PBXNativeTarget "FitbitSync" */ = {
			isa = XCConfigurationList;
			buildConfigurations = (
				02950D362CB5A22F009E0F9F /* Debug */,
				02950D372CB5A22F009E0F9F /* Release */,
			);
			defaultConfigurationIsVisible = 0;
			defaultConfigurationName = Release;
		};
		02950D382CB5A22F009E0F9F /* Build configuration list for PBXNativeTarget "FitbitSyncTests" */ = {
			isa = XCConfigurationList;
			buildConfigurations = (
				02950D392CB5A22F009E0F9F /* Debug */,
				02950D3A2CB5A22F009E0F9F /* Release */,
			);
			defaultConfigurationIsVisible = 0;
			defaultConfigurationName = Release;
		};
		02950D3B2CB5A22F009E0F9F /* Build configuration list for PBXNativeTarget "FitbitSyncUITests" */ = {
			isa = XCConfigurationList;
			buildConfigurations = (
				02950D3C2CB5A22F009E0F9F /* Debug */,
				02950D3D2CB5A22F009E0F9F /* Release */,
			);
			defaultConfigurationIsVisible = 0;
			defaultConfigurationName = Release;
		};
/* End XCConfigurationList section */
	};
	rootObject = 02950D092CB5A22D009E0F9F /* Project object */;
}
